# This file is automatically @generated by Cargo.
# It is not intended for manual editing.
[[package]]
name = "max7456"
version = "0.1.0"
dependencies = [
 "peripheral-register",
]

[[package]]
name = "peripheral-register"
version = "0.1.3"
source = "registry+https://github.com/rust-lang/crates.io-index"
checksum = "4cc5d2cb4c305b058780ff11e7416bbd48221b8f1ccdb2f305a10004db183ec7"
